
Microsoft Visual Studio Solution File, Format Version 12.00
# Visual Studio Version 17
VisualStudioVersion = 17.11.35327.3
MinimumVisualStudioVersion = 10.0.40219.1
Project("{FAE04EC0-301F-11D3-BF4B-00C04F79EFBC}") = "Remopii", "Remopii\Remopii.csproj", "{C321A8D0-2539-49CD-B371-B55B44E101E3}"
EndProject
Project("{FAE04EC0-301F-11D3-BF4B-00C04F79EFBC}") = "seigyo", "seigyo\seigyo.csproj", "{007E7AE8-CE88-403C-B142-56BD6F05DA2A}"
EndProject
Global
	GlobalSection(SolutionConfigurationPlatforms) = preSolution
		Debug|Any CPU = Debug|Any CPU
		Release|Any CPU = Release|Any CPU
	EndGlobalSection
	GlobalSection(ProjectConfigurationPlatforms) = postSolution
		{C321A8D0-2539-49CD-B371-B55B44E101E3}.Debug|Any CPU.ActiveCfg = Debug|Any CPU
		{C321A8D0-2539-49CD-B371-B55B44E101E3}.Debug|Any CPU.Build.0 = Debug|Any CPU
		{C321A8D0-2539-49CD-B371-B55B44E101E3}.Release|Any CPU.ActiveCfg = Release|Any CPU
		{C321A8D0-2539-49CD-B371-B55B44E101E3}.Release|Any CPU.Build.0 = Release|Any CPU
		{007E7AE8-CE88-403C-B142-56BD6F05DA2A}.Debug|Any CPU.ActiveCfg = Debug|Any CPU
		{007E7AE8-CE88-403C-B142-56BD6F05DA2A}.Debug|Any CPU.Build.0 = Debug|Any CPU
		{007E7AE8-CE88-403C-B142-56BD6F05DA2A}.Release|Any CPU.ActiveCfg = Release|Any CPU
		{007E7AE8-CE88-403C-B142-56BD6F05DA2A}.Release|Any CPU.Build.0 = Release|Any CPU
	EndGlobalSection
	GlobalSection(SolutionProperties) = preSolution
		HideSolutionNode = FALSE
	EndGlobalSection
	GlobalSection(ExtensibilityGlobals) = postSolution
		SolutionGuid = {D7C6AD06-0E0D-4C2D-861B-1D48C46DC018}
	EndGlobalSection
EndGlobal
